
Microsoft Visual Studio Solution File, Format Version 12.00
# Visual Studio 15
VisualStudioVersion = 15.0.28307.421
MinimumVisualStudioVersion = 10.0.40219.1
Project("{FAE04EC0-301F-11D3-BF4B-00C04F79EFBC}") = "WpfApp_newGit", "WpfApp_newGit\WpfApp_newGit.csproj", "{410C9B94-1CF2-43BF-B363-27B812306B44}"
EndProject
Global
	GlobalSection(SolutionConfigurationPlatforms) = preSolution
		Debug|Any CPU = Debug|Any CPU
		Release|Any CPU = Release|Any CPU
	EndGlobalSection
	GlobalSection(ProjectConfigurationPlatforms) = postSolution
		{410C9B94-1CF2-43BF-B363-27B812306B44}.Debug|Any CPU.ActiveCfg = Debug|Any CPU
		{410C9B94-1CF2-43BF-B363-27B812306B44}.Debug|Any CPU.Build.0 = Debug|Any CPU
		{410C9B94-1CF2-43BF-B363-27B812306B44}.Release|Any CPU.ActiveCfg = Release|Any CPU
		{410C9B94-1CF2-43BF-B363-27B812306B44}.Release|Any CPU.Build.0 = Release|Any CPU
	EndGlobalSection
	GlobalSection(SolutionProperties) = preSolution
		HideSolutionNode = FALSE
	EndGlobalSection
	GlobalSection(ExtensibilityGlobals) = postSolution
		SolutionGuid = {24AB86D5-0E25-4392-BA8A-63EA95D0D1F4}
	EndGlobalSection
EndGlobal
